
Microsoft Visual Studio Solution File, Format Version 12.00
# Visual Studio Version 17
VisualStudioVersion = 17.7.34221.43
MinimumVisualStudioVersion = 10.0.40219.1
Project("{FAE04EC0-301F-11D3-BF4B-00C04F79EFBC}") = "LatvijasPasts.Web", "LatvijasPasts.Web\LatvijasPasts.Web.csproj", "{44B94946-F6C5-4A71-BF01-F78E10D06038}"
EndProject
Global
	GlobalSection(SolutionConfigurationPlatforms) = preSolution
		Debug|Any CPU = Debug|Any CPU
		Release|Any CPU = Release|Any CPU
	EndGlobalSection
	GlobalSection(ProjectConfigurationPlatforms) = postSolution
		{44B94946-F6C5-4A71-BF01-F78E10D06038}.Debug|Any CPU.ActiveCfg = Debug|Any CPU
		{44B94946-F6C5-4A71-BF01-F78E10D06038}.Debug|Any CPU.Build.0 = Debug|Any CPU
		{44B94946-F6C5-4A71-BF01-F78E10D06038}.Release|Any CPU.ActiveCfg = Release|Any CPU
		{44B94946-F6C5-4A71-BF01-F78E10D06038}.Release|Any CPU.Build.0 = Release|Any CPU
	EndGlobalSection
	GlobalSection(SolutionProperties) = preSolution
		HideSolutionNode = FALSE
	EndGlobalSection
	GlobalSection(ExtensibilityGlobals) = postSolution
		SolutionGuid = {9F6A48C9-9BBB-4812-A34A-48A387DCA0EA}
	EndGlobalSection
EndGlobal
